{
  "name": "thecleanarchitecture",
  "version": "1.0.0",
  "lockfileVersion": 1,
  "requires": true,
  "dependencies": {
    "shallow-equal-object": {
      "version": "1.1.1",
      "resolved": "https://registry.npmjs.org/shallow-equal-object/-/shallow-equal-object-1.1.1.tgz",
      "integrity": "sha512-9DDzYRlzCwF2CemeF0aOFk5T5KMrjG7HldcW7utwYhA/limuGHn3No8KhpDE8BrO7GLaSRJumNKReipZBybd7A=="
    },
    "uuid": {
      "version": "8.3.1",
      "resolved": "https://registry.npmjs.org/uuid/-/uuid-8.3.1.tgz",
      "integrity": "sha512-FOmRr+FmWEIG8uhZv6C2bTgEVXsHk08kE7mPlrBbEe+c3r9pjceVPgupIfNIhc4yx55H69OXANrUaSuu9eInKg=="
    }
  }
}
